
Microsoft Visual Studio Solution File, Format Version 12.00
# Visual Studio 2013
VisualStudioVersion = 12.0.30324.0
MinimumVisualStudioVersion = 10.0.40219.1
Project("{FAE04EC0-301F-11D3-BF4B-00C04F79EFBC}") = "AdMesh.Service.MobFox", "Common\AdMesh.Service.MobFox\AdMesh.Service.MobFox\AdMesh.Service.MobFox.csproj", "{1F8D6F10-76D9-47B5-8182-AB4D465ADD10}"
EndProject
Project("{2150E333-8FDC-42A3-9474-1A3956D46DE8}") = "Android", "Android", "{5F2F2BB4-862C-4210-BB8A-3787FEC7C105}"
EndProject
Project("{2150E333-8FDC-42A3-9474-1A3956D46DE8}") = "WindowsPhone", "WindowsPhone", "{6A09D1F4-7770-4059-AE6E-68AAB50AB7BE}"
EndProject
Project("{FAE04EC0-301F-11D3-BF4B-00C04F79EFBC}") = "AdMeshForMobfox.Android", "Android\AdMeshForMobfox.Android\AdMeshForMobfox.Android.csproj", "{C384AB47-ED53-4EBA-90E5-EBCDBCB6A5CA}"
EndProject
Project("{FAE04EC0-301F-11D3-BF4B-00C04F79EFBC}") = "AdMesh.Configurator", "Common\AdMesh.Configurator\AdMesh.Configurator.csproj", "{A3EAB8E7-7B5F-412A-B29F-1884A6F8F538}"
EndProject
Project("{FAE04EC0-301F-11D3-BF4B-00C04F79EFBC}") = "AdMesh.ViewModel", "Common\AdMesh.ViewModel\AdMesh.ViewModel.csproj", "{A719BE3C-1386-4176-96F0-80808DB44B64}"
EndProject
Project("{FAE04EC0-301F-11D3-BF4B-00C04F79EFBC}") = "AdMesh.Controllers", "Common\AdMesh.Controllers\AdMesh.Controllers.csproj", "{4D68F61B-1F50-4721-93BB-C616131ED635}"
EndProject
Project("{FAE04EC0-301F-11D3-BF4B-00C04F79EFBC}") = "AdMesh.Localisation", "Common\AdMesh.Localisation\AdMesh.Localisation.csproj", "{F3D7847A-B2DC-4CBE-8B94-C1246E4D2EED}"
EndProject
Project("{FAE04EC0-301F-11D3-BF4B-00C04F79EFBC}") = "AdMesh.Services", "Common\AdMesh.Services\AdMesh.Services.csproj", "{6EF80210-65DE-468C-AF18-5320E84934DB}"
EndProject
Project("{FAE04EC0-301F-11D3-BF4B-00C04F79EFBC}") = "AdMesh.Common", "Common\AdMesh.Common\AdMesh.Common.csproj", "{202DD604-BFFC-4524-AE43-111D039DB05E}"
EndProject
Project("{FAE04EC0-301F-11D3-BF4B-00C04F79EFBC}") = "AdMesh.Configurator.Android", "Android\AdMesh.Configurator.Android\AdMesh.Configurator.Android.csproj", "{A9E226AC-1319-40DD-9AD7-A5135DD202F0}"
EndProject
Project("{FAE04EC0-301F-11D3-BF4B-00C04F79EFBC}") = "AdMesh.Storage", "Common\AdMesh.Storage\AdMesh.Storage.csproj", "{4274AF20-0C8C-44C8-82F9-1911D20579D2}"
EndProject
Project("{FAE04EC0-301F-11D3-BF4B-00C04F79EFBC}") = "AdMesh.Controllers.Data", "Common\AdMesh.Controllers.Data\AdMesh.Controllers.Data.csproj", "{6D877B36-C724-4C46-93AA-40B4C8942108}"
EndProject
Project("{2150E333-8FDC-42A3-9474-1A3956D46DE8}") = ".nuget", ".nuget", "{414BAE04-0B4B-4B95-9360-C70EBBA6B904}"
	ProjectSection(SolutionItems) = preProject
		.nuget\NuGet.Config = .nuget\NuGet.Config
		.nuget\NuGet.exe = .nuget\NuGet.exe
		.nuget\NuGet.targets = .nuget\NuGet.targets
	EndProjectSection
EndProject
Global
	GlobalSection(SolutionConfigurationPlatforms) = preSolution
		Ad-Hoc|Any CPU = Ad-Hoc|Any CPU
		Ad-Hoc|ARM = Ad-Hoc|ARM
		Ad-Hoc|iPhone = Ad-Hoc|iPhone
		Ad-Hoc|iPhoneSimulator = Ad-Hoc|iPhoneSimulator
		Ad-Hoc|Mixed Platforms = Ad-Hoc|Mixed Platforms
		Ad-Hoc|x86 = Ad-Hoc|x86
		AppStore|Any CPU = AppStore|Any CPU
		AppStore|ARM = AppStore|ARM
		AppStore|iPhone = AppStore|iPhone
		AppStore|iPhoneSimulator = AppStore|iPhoneSimulator
		AppStore|Mixed Platforms = AppStore|Mixed Platforms
		AppStore|x86 = AppStore|x86
		Debug|Any CPU = Debug|Any CPU
		Debug|ARM = Debug|ARM
		Debug|iPhone = Debug|iPhone
		Debug|iPhoneSimulator = Debug|iPhoneSimulator
		Debug|Mixed Platforms = Debug|Mixed Platforms
		Debug|x86 = Debug|x86
		Release|Any CPU = Release|Any CPU
		Release|ARM = Release|ARM
		Release|iPhone = Release|iPhone
		Release|iPhoneSimulator = Release|iPhoneSimulator
		Release|Mixed Platforms = Release|Mixed Platforms
		Release|x86 = Release|x86
	EndGlobalSection
	GlobalSection(ProjectConfigurationPlatforms) = postSolution
		{1F8D6F10-76D9-47B5-8182-AB4D465ADD10}.Ad-Hoc|Any CPU.ActiveCfg = Release|Any CPU
		{1F8D6F10-76D9-47B5-8182-AB4D465ADD10}.Ad-Hoc|Any CPU.Build.0 = Release|Any CPU
		{1F8D6F10-76D9-47B5-8182-AB4D465ADD10}.Ad-Hoc|ARM.ActiveCfg = Release|Any CPU
		{1F8D6F10-76D9-47B5-8182-AB4D465ADD10}.Ad-Hoc|iPhone.ActiveCfg = Release|Any CPU
		{1F8D6F10-76D9-47B5-8182-AB4D465ADD10}.Ad-Hoc|iPhoneSimulator.ActiveCfg = Release|Any CPU
		{1F8D6F10-76D9-47B5-8182-AB4D465ADD10}.Ad-Hoc|Mixed Platforms.ActiveCfg = Release|Any CPU
		{1F8D6F10-76D9-47B5-8182-AB4D465ADD10}.Ad-Hoc|Mixed Platforms.Build.0 = Release|Any CPU
		{1F8D6F10-76D9-47B5-8182-AB4D465ADD10}.Ad-Hoc|x86.ActiveCfg = Release|Any CPU
		{1F8D6F10-76D9-47B5-8182-AB4D465ADD10}.AppStore|Any CPU.ActiveCfg = Release|Any CPU
		{1F8D6F10-76D9-47B5-8182-AB4D465ADD10}.AppStore|Any CPU.Build.0 = Release|Any CPU
		{1F8D6F10-76D9-47B5-8182-AB4D465ADD10}.AppStore|ARM.ActiveCfg = Release|Any CPU
		{1F8D6F10-76D9-47B5-8182-AB4D465ADD10}.AppStore|iPhone.ActiveCfg = Release|Any CPU
		{1F8D6F10-76D9-47B5-8182-AB4D465ADD10}.AppStore|iPhoneSimulator.ActiveCfg = Release|Any CPU
		{1F8D6F10-76D9-47B5-8182-AB4D465ADD10}.AppStore|Mixed Platforms.ActiveCfg = Release|Any CPU
		{1F8D6F10-76D9-47B5-8182-AB4D465ADD10}.AppStore|Mixed Platforms.Build.0 = Release|Any CPU
		{1F8D6F10-76D9-47B5-8182-AB4D465ADD10}.AppStore|x86.ActiveCfg = Release|Any CPU
		{1F8D6F10-76D9-47B5-8182-AB4D465ADD10}.Debug|Any CPU.ActiveCfg = Debug|Any CPU
		{1F8D6F10-76D9-47B5-8182-AB4D465ADD10}.Debug|Any CPU.Build.0 = Debug|Any CPU
		{1F8D6F10-76D9-47B5-8182-AB4D465ADD10}.Debug|ARM.ActiveCfg = Debug|Any CPU
		{1F8D6F10-76D9-47B5-8182-AB4D465ADD10}.Debug|iPhone.ActiveCfg = Debug|Any CPU
		{1F8D6F10-76D9-47B5-8182-AB4D465ADD10}.Debug|iPhoneSimulator.ActiveCfg = Debug|Any CPU
		{1F8D6F10-76D9-47B5-8182-AB4D465ADD10}.Debug|Mixed Platforms.ActiveCfg = Debug|Any CPU
		{1F8D6F10-76D9-47B5-8182-AB4D465ADD10}.Debug|Mixed Platforms.Build.0 = Debug|Any CPU
		{1F8D6F10-76D9-47B5-8182-AB4D465ADD10}.Debug|x86.ActiveCfg = Debug|Any CPU
		{1F8D6F10-76D9-47B5-8182-AB4D465ADD10}.Release|Any CPU.ActiveCfg = Release|Any CPU
		{1F8D6F10-76D9-47B5-8182-AB4D465ADD10}.Release|Any CPU.Build.0 = Release|Any CPU
		{1F8D6F10-76D9-47B5-8182-AB4D465ADD10}.Release|ARM.ActiveCfg = Release|Any CPU
		{1F8D6F10-76D9-47B5-8182-AB4D465ADD10}.Release|iPhone.ActiveCfg = Release|Any CPU
		{1F8D6F10-76D9-47B5-8182-AB4D465ADD10}.Release|iPhoneSimulator.ActiveCfg = Release|Any CPU
		{1F8D6F10-76D9-47B5-8182-AB4D465ADD10}.Release|Mixed Platforms.ActiveCfg = Release|Any CPU
		{1F8D6F10-76D9-47B5-8182-AB4D465ADD10}.Release|Mixed Platforms.Build.0 = Release|Any CPU
		{1F8D6F10-76D9-47B5-8182-AB4D465ADD10}.Release|x86.ActiveCfg = Release|Any CPU
		{C384AB47-ED53-4EBA-90E5-EBCDBCB6A5CA}.Ad-Hoc|Any CPU.ActiveCfg = Release|Any CPU
		{C384AB47-ED53-4EBA-90E5-EBCDBCB6A5CA}.Ad-Hoc|Any CPU.Build.0 = Release|Any CPU
		{C384AB47-ED53-4EBA-90E5-EBCDBCB6A5CA}.Ad-Hoc|Any CPU.Deploy.0 = Release|Any CPU
		{C384AB47-ED53-4EBA-90E5-EBCDBCB6A5CA}.Ad-Hoc|ARM.ActiveCfg = Release|Any CPU
		{C384AB47-ED53-4EBA-90E5-EBCDBCB6A5CA}.Ad-Hoc|iPhone.ActiveCfg = Release|Any CPU
		{C384AB47-ED53-4EBA-90E5-EBCDBCB6A5CA}.Ad-Hoc|iPhoneSimulator.ActiveCfg = Release|Any CPU
		{C384AB47-ED53-4EBA-90E5-EBCDBCB6A5CA}.Ad-Hoc|Mixed Platforms.ActiveCfg = Release|Any CPU
		{C384AB47-ED53-4EBA-90E5-EBCDBCB6A5CA}.Ad-Hoc|Mixed Platforms.Build.0 = Release|Any CPU
		{C384AB47-ED53-4EBA-90E5-EBCDBCB6A5CA}.Ad-Hoc|Mixed Platforms.Deploy.0 = Release|Any CPU
		{C384AB47-ED53-4EBA-90E5-EBCDBCB6A5CA}.Ad-Hoc|x86.ActiveCfg = Release|Any CPU
		{C384AB47-ED53-4EBA-90E5-EBCDBCB6A5CA}.AppStore|Any CPU.ActiveCfg = Release|Any CPU
		{C384AB47-ED53-4EBA-90E5-EBCDBCB6A5CA}.AppStore|Any CPU.Build.0 = Release|Any CPU
		{C384AB47-ED53-4EBA-90E5-EBCDBCB6A5CA}.AppStore|Any CPU.Deploy.0 = Release|Any CPU
		{C384AB47-ED53-4EBA-90E5-EBCDBCB6A5CA}.AppStore|ARM.ActiveCfg = Release|Any CPU
		{C384AB47-ED53-4EBA-90E5-EBCDBCB6A5CA}.AppStore|iPhone.ActiveCfg = Release|Any CPU
		{C384AB47-ED53-4EBA-90E5-EBCDBCB6A5CA}.AppStore|iPhoneSimulator.ActiveCfg = Release|Any CPU
		{C384AB47-ED53-4EBA-90E5-EBCDBCB6A5CA}.AppStore|Mixed Platforms.ActiveCfg = Release|Any CPU
		{C384AB47-ED53-4EBA-90E5-EBCDBCB6A5CA}.AppStore|Mixed Platforms.Build.0 = Release|Any CPU
		{C384AB47-ED53-4EBA-90E5-EBCDBCB6A5CA}.AppStore|Mixed Platforms.Deploy.0 = Release|Any CPU
		{C384AB47-ED53-4EBA-90E5-EBCDBCB6A5CA}.AppStore|x86.ActiveCfg = Release|Any CPU
		{C384AB47-ED53-4EBA-90E5-EBCDBCB6A5CA}.Debug|Any CPU.ActiveCfg = Debug|Any CPU
		{C384AB47-ED53-4EBA-90E5-EBCDBCB6A5CA}.Debug|Any CPU.Build.0 = Debug|Any CPU
		{C384AB47-ED53-4EBA-90E5-EBCDBCB6A5CA}.Debug|Any CPU.Deploy.0 = Debug|Any CPU
		{C384AB47-ED53-4EBA-90E5-EBCDBCB6A5CA}.Debug|ARM.ActiveCfg = Debug|Any CPU
		{C384AB47-ED53-4EBA-90E5-EBCDBCB6A5CA}.Debug|iPhone.ActiveCfg = Debug|Any CPU
		{C384AB47-ED53-4EBA-90E5-EBCDBCB6A5CA}.Debug|iPhoneSimulator.ActiveCfg = Debug|Any CPU
		{C384AB47-ED53-4EBA-90E5-EBCDBCB6A5CA}.Debug|Mixed Platforms.ActiveCfg = Debug|Any CPU
		{C384AB47-ED53-4EBA-90E5-EBCDBCB6A5CA}.Debug|Mixed Platforms.Build.0 = Debug|Any CPU
		{C384AB47-ED53-4EBA-90E5-EBCDBCB6A5CA}.Debug|Mixed Platforms.Deploy.0 = Debug|Any CPU
		{C384AB47-ED53-4EBA-90E5-EBCDBCB6A5CA}.Debug|x86.ActiveCfg = Debug|Any CPU
		{C384AB47-ED53-4EBA-90E5-EBCDBCB6A5CA}.Release|Any CPU.ActiveCfg = Release|Any CPU
		{C384AB47-ED53-4EBA-90E5-EBCDBCB6A5CA}.Release|Any CPU.Build.0 = Release|Any CPU
		{C384AB47-ED53-4EBA-90E5-EBCDBCB6A5CA}.Release|Any CPU.Deploy.0 = Release|Any CPU
		{C384AB47-ED53-4EBA-90E5-EBCDBCB6A5CA}.Release|ARM.ActiveCfg = Release|Any CPU
		{C384AB47-ED53-4EBA-90E5-EBCDBCB6A5CA}.Release|iPhone.ActiveCfg = Release|Any CPU
		{C384AB47-ED53-4EBA-90E5-EBCDBCB6A5CA}.Release|iPhoneSimulator.ActiveCfg = Release|Any CPU
		{C384AB47-ED53-4EBA-90E5-EBCDBCB6A5CA}.Release|Mixed Platforms.ActiveCfg = Release|Any CPU
		{C384AB47-ED53-4EBA-90E5-EBCDBCB6A5CA}.Release|Mixed Platforms.Build.0 = Release|Any CPU
		{C384AB47-ED53-4EBA-90E5-EBCDBCB6A5CA}.Release|Mixed Platforms.Deploy.0 = Release|Any CPU
		{C384AB47-ED53-4EBA-90E5-EBCDBCB6A5CA}.Release|x86.ActiveCfg = Release|Any CPU
		{A3EAB8E7-7B5F-412A-B29F-1884A6F8F538}.Ad-Hoc|Any CPU.ActiveCfg = Release|Any CPU
		{A3EAB8E7-7B5F-412A-B29F-1884A6F8F538}.Ad-Hoc|Any CPU.Build.0 = Release|Any CPU
		{A3EAB8E7-7B5F-412A-B29F-1884A6F8F538}.Ad-Hoc|ARM.ActiveCfg = Release|Any CPU
		{A3EAB8E7-7B5F-412A-B29F-1884A6F8F538}.Ad-Hoc|iPhone.ActiveCfg = Release|Any CPU
		{A3EAB8E7-7B5F-412A-B29F-1884A6F8F538}.Ad-Hoc|iPhoneSimulator.ActiveCfg = Release|Any CPU
		{A3EAB8E7-7B5F-412A-B29F-1884A6F8F538}.Ad-Hoc|Mixed Platforms.ActiveCfg = Release|Any CPU
		{A3EAB8E7-7B5F-412A-B29F-1884A6F8F538}.Ad-Hoc|Mixed Platforms.Build.0 = Release|Any CPU
		{A3EAB8E7-7B5F-412A-B29F-1884A6F8F538}.Ad-Hoc|x86.ActiveCfg = Release|Any CPU
		{A3EAB8E7-7B5F-412A-B29F-1884A6F8F538}.AppStore|Any CPU.ActiveCfg = Release|Any CPU
		{A3EAB8E7-7B5F-412A-B29F-1884A6F8F538}.AppStore|Any CPU.Build.0 = Release|Any CPU
		{A3EAB8E7-7B5F-412A-B29F-1884A6F8F538}.AppStore|ARM.ActiveCfg = Release|Any CPU
		{A3EAB8E7-7B5F-412A-B29F-1884A6F8F538}.AppStore|iPhone.ActiveCfg = Release|Any CPU
		{A3EAB8E7-7B5F-412A-B29F-1884A6F8F538}.AppStore|iPhoneSimulator.ActiveCfg = Release|Any CPU
		{A3EAB8E7-7B5F-412A-B29F-1884A6F8F538}.AppStore|Mixed Platforms.ActiveCfg = Release|Any CPU
		{A3EAB8E7-7B5F-412A-B29F-1884A6F8F538}.AppStore|Mixed Platforms.Build.0 = Release|Any CPU
		{A3EAB8E7-7B5F-412A-B29F-1884A6F8F538}.AppStore|x86.ActiveCfg = Release|Any CPU
		{A3EAB8E7-7B5F-412A-B29F-1884A6F8F538}.Debug|Any CPU.ActiveCfg = Debug|Any CPU
		{A3EAB8E7-7B5F-412A-B29F-1884A6F8F538}.Debug|Any CPU.Build.0 = Debug|Any CPU
		{A3EAB8E7-7B5F-412A-B29F-1884A6F8F538}.Debug|ARM.ActiveCfg = Debug|Any CPU
		{A3EAB8E7-7B5F-412A-B29F-1884A6F8F538}.Debug|iPhone.ActiveCfg = Debug|Any CPU
		{A3EAB8E7-7B5F-412A-B29F-1884A6F8F538}.Debug|iPhoneSimulator.ActiveCfg = Debug|Any CPU
		{A3EAB8E7-7B5F-412A-B29F-1884A6F8F538}.Debug|Mixed Platforms.ActiveCfg = Debug|Any CPU
		{A3EAB8E7-7B5F-412A-B29F-1884A6F8F538}.Debug|Mixed Platforms.Build.0 = Debug|Any CPU
		{A3EAB8E7-7B5F-412A-B29F-1884A6F8F538}.Debug|x86.ActiveCfg = Debug|Any CPU
		{A3EAB8E7-7B5F-412A-B29F-1884A6F8F538}.Release|Any CPU.ActiveCfg = Release|Any CPU
		{A3EAB8E7-7B5F-412A-B29F-1884A6F8F538}.Release|Any CPU.Build.0 = Release|Any CPU
		{A3EAB8E7-7B5F-412A-B29F-1884A6F8F538}.Release|ARM.ActiveCfg = Release|Any CPU
		{A3EAB8E7-7B5F-412A-B29F-1884A6F8F538}.Release|iPhone.ActiveCfg = Release|Any CPU
		{A3EAB8E7-7B5F-412A-B29F-1884A6F8F538}.Release|iPhoneSimulator.ActiveCfg = Release|Any CPU
		{A3EAB8E7-7B5F-412A-B29F-1884A6F8F538}.Release|Mixed Platforms.ActiveCfg = Release|Any CPU
		{A3EAB8E7-7B5F-412A-B29F-1884A6F8F538}.Release|Mixed Platforms.Build.0 = Release|Any CPU
		{A3EAB8E7-7B5F-412A-B29F-1884A6F8F538}.Release|x86.ActiveCfg = Release|Any CPU
		{A719BE3C-1386-4176-96F0-80808DB44B64}.Ad-Hoc|Any CPU.ActiveCfg = Release|Any CPU
		{A719BE3C-1386-4176-96F0-80808DB44B64}.Ad-Hoc|Any CPU.Build.0 = Release|Any CPU
		{A719BE3C-1386-4176-96F0-80808DB44B64}.Ad-Hoc|ARM.ActiveCfg = Release|Any CPU
		{A719BE3C-1386-4176-96F0-80808DB44B64}.Ad-Hoc|iPhone.ActiveCfg = Release|Any CPU
		{A719BE3C-1386-4176-96F0-80808DB44B64}.Ad-Hoc|iPhoneSimulator.ActiveCfg = Release|Any CPU
		{A719BE3C-1386-4176-96F0-80808DB44B64}.Ad-Hoc|Mixed Platforms.ActiveCfg = Release|Any CPU
		{A719BE3C-1386-4176-96F0-80808DB44B64}.Ad-Hoc|Mixed Platforms.Build.0 = Release|Any CPU
		{A719BE3C-1386-4176-96F0-80808DB44B64}.Ad-Hoc|x86.ActiveCfg = Release|Any CPU
		{A719BE3C-1386-4176-96F0-80808DB44B64}.AppStore|Any CPU.ActiveCfg = Release|Any CPU
		{A719BE3C-1386-4176-96F0-80808DB44B64}.AppStore|Any CPU.Build.0 = Release|Any CPU
		{A719BE3C-1386-4176-96F0-80808DB44B64}.AppStore|ARM.ActiveCfg = Release|Any CPU
		{A719BE3C-1386-4176-96F0-80808DB44B64}.AppStore|iPhone.ActiveCfg = Release|Any CPU
		{A719BE3C-1386-4176-96F0-80808DB44B64}.AppStore|iPhoneSimulator.ActiveCfg = Release|Any CPU
		{A719BE3C-1386-4176-96F0-80808DB44B64}.AppStore|Mixed Platforms.ActiveCfg = Release|Any CPU
		{A719BE3C-1386-4176-96F0-80808DB44B64}.AppStore|Mixed Platforms.Build.0 = Release|Any CPU
		{A719BE3C-1386-4176-96F0-80808DB44B64}.AppStore|x86.ActiveCfg = Release|Any CPU
		{A719BE3C-1386-4176-96F0-80808DB44B64}.Debug|Any CPU.ActiveCfg = Debug|Any CPU
		{A719BE3C-1386-4176-96F0-80808DB44B64}.Debug|Any CPU.Build.0 = Debug|Any CPU
		{A719BE3C-1386-4176-96F0-80808DB44B64}.Debug|ARM.ActiveCfg = Debug|Any CPU
		{A719BE3C-1386-4176-96F0-80808DB44B64}.Debug|iPhone.ActiveCfg = Debug|Any CPU
		{A719BE3C-1386-4176-96F0-80808DB44B64}.Debug|iPhoneSimulator.ActiveCfg = Debug|Any CPU
		{A719BE3C-1386-4176-96F0-80808DB44B64}.Debug|Mixed Platforms.ActiveCfg = Debug|Any CPU
		{A719BE3C-1386-4176-96F0-80808DB44B64}.Debug|Mixed Platforms.Build.0 = Debug|Any CPU
		{A719BE3C-1386-4176-96F0-80808DB44B64}.Debug|x86.ActiveCfg = Debug|Any CPU
		{A719BE3C-1386-4176-96F0-80808DB44B64}.Release|Any CPU.ActiveCfg = Release|Any CPU
		{A719BE3C-1386-4176-96F0-80808DB44B64}.Release|Any CPU.Build.0 = Release|Any CPU
		{A719BE3C-1386-4176-96F0-80808DB44B64}.Release|ARM.ActiveCfg = Release|Any CPU
		{A719BE3C-1386-4176-96F0-80808DB44B64}.Release|iPhone.ActiveCfg = Release|Any CPU
		{A719BE3C-1386-4176-96F0-80808DB44B64}.Release|iPhoneSimulator.ActiveCfg = Release|Any CPU
		{A719BE3C-1386-4176-96F0-80808DB44B64}.Release|Mixed Platforms.ActiveCfg = Release|Any CPU
		{A719BE3C-1386-4176-96F0-80808DB44B64}.Release|Mixed Platforms.Build.0 = Release|Any CPU
		{A719BE3C-1386-4176-96F0-80808DB44B64}.Release|x86.ActiveCfg = Release|Any CPU
		{4D68F61B-1F50-4721-93BB-C616131ED635}.Ad-Hoc|Any CPU.ActiveCfg = Release|Any CPU
		{4D68F61B-1F50-4721-93BB-C616131ED635}.Ad-Hoc|Any CPU.Build.0 = Release|Any CPU
		{4D68F61B-1F50-4721-93BB-C616131ED635}.Ad-Hoc|ARM.ActiveCfg = Release|Any CPU
		{4D68F61B-1F50-4721-93BB-C616131ED635}.Ad-Hoc|iPhone.ActiveCfg = Release|Any CPU
		{4D68F61B-1F50-4721-93BB-C616131ED635}.Ad-Hoc|iPhoneSimulator.ActiveCfg = Release|Any CPU
		{4D68F61B-1F50-4721-93BB-C616131ED635}.Ad-Hoc|Mixed Platforms.ActiveCfg = Release|Any CPU
		{4D68F61B-1F50-4721-93BB-C616131ED635}.Ad-Hoc|Mixed Platforms.Build.0 = Release|Any CPU
		{4D68F61B-1F50-4721-93BB-C616131ED635}.Ad-Hoc|x86.ActiveCfg = Release|Any CPU
		{4D68F61B-1F50-4721-93BB-C616131ED635}.AppStore|Any CPU.ActiveCfg = Release|Any CPU
		{4D68F61B-1F50-4721-93BB-C616131ED635}.AppStore|Any CPU.Build.0 = Release|Any CPU
		{4D68F61B-1F50-4721-93BB-C616131ED635}.AppStore|ARM.ActiveCfg = Release|Any CPU
		{4D68F61B-1F50-4721-93BB-C616131ED635}.AppStore|iPhone.ActiveCfg = Release|Any CPU
		{4D68F61B-1F50-4721-93BB-C616131ED635}.AppStore|iPhoneSimulator.ActiveCfg = Release|Any CPU
		{4D68F61B-1F50-4721-93BB-C616131ED635}.AppStore|Mixed Platforms.ActiveCfg = Release|Any CPU
		{4D68F61B-1F50-4721-93BB-C616131ED635}.AppStore|Mixed Platforms.Build.0 = Release|Any CPU
		{4D68F61B-1F50-4721-93BB-C616131ED635}.AppStore|x86.ActiveCfg = Release|Any CPU
		{4D68F61B-1F50-4721-93BB-C616131ED635}.Debug|Any CPU.ActiveCfg = Debug|Any CPU
		{4D68F61B-1F50-4721-93BB-C616131ED635}.Debug|Any CPU.Build.0 = Debug|Any CPU
		{4D68F61B-1F50-4721-93BB-C616131ED635}.Debug|ARM.ActiveCfg = Debug|Any CPU
		{4D68F61B-1F50-4721-93BB-C616131ED635}.Debug|iPhone.ActiveCfg = Debug|Any CPU
		{4D68F61B-1F50-4721-93BB-C616131ED635}.Debug|iPhoneSimulator.ActiveCfg = Debug|Any CPU
		{4D68F61B-1F50-4721-93BB-C616131ED635}.Debug|Mixed Platforms.ActiveCfg = Debug|Any CPU
		{4D68F61B-1F50-4721-93BB-C616131ED635}.Debug|Mixed Platforms.Build.0 = Debug|Any CPU
		{4D68F61B-1F50-4721-93BB-C616131ED635}.Debug|x86.ActiveCfg = Debug|Any CPU
		{4D68F61B-1F50-4721-93BB-C616131ED635}.Release|Any CPU.ActiveCfg = Release|Any CPU
		{4D68F61B-1F50-4721-93BB-C616131ED635}.Release|Any CPU.Build.0 = Release|Any CPU
		{4D68F61B-1F50-4721-93BB-C616131ED635}.Release|ARM.ActiveCfg = Release|Any CPU
		{4D68F61B-1F50-4721-93BB-C616131ED635}.Release|iPhone.ActiveCfg = Release|Any CPU
		{4D68F61B-1F50-4721-93BB-C616131ED635}.Release|iPhoneSimulator.ActiveCfg = Release|Any CPU
		{4D68F61B-1F50-4721-93BB-C616131ED635}.Release|Mixed Platforms.ActiveCfg = Release|Any CPU
		{4D68F61B-1F50-4721-93BB-C616131ED635}.Release|Mixed Platforms.Build.0 = Release|Any CPU
		{4D68F61B-1F50-4721-93BB-C616131ED635}.Release|x86.ActiveCfg = Release|Any CPU
		{F3D7847A-B2DC-4CBE-8B94-C1246E4D2EED}.Ad-Hoc|Any CPU.ActiveCfg = Release|Any CPU
		{F3D7847A-B2DC-4CBE-8B94-C1246E4D2EED}.Ad-Hoc|Any CPU.Build.0 = Release|Any CPU
		{F3D7847A-B2DC-4CBE-8B94-C1246E4D2EED}.Ad-Hoc|ARM.ActiveCfg = Release|Any CPU
		{F3D7847A-B2DC-4CBE-8B94-C1246E4D2EED}.Ad-Hoc|iPhone.ActiveCfg = Release|Any CPU
		{F3D7847A-B2DC-4CBE-8B94-C1246E4D2EED}.Ad-Hoc|iPhoneSimulator.ActiveCfg = Release|Any CPU
		{F3D7847A-B2DC-4CBE-8B94-C1246E4D2EED}.Ad-Hoc|Mixed Platforms.ActiveCfg = Release|Any CPU
		{F3D7847A-B2DC-4CBE-8B94-C1246E4D2EED}.Ad-Hoc|Mixed Platforms.Build.0 = Release|Any CPU
		{F3D7847A-B2DC-4CBE-8B94-C1246E4D2EED}.Ad-Hoc|x86.ActiveCfg = Release|Any CPU
		{F3D7847A-B2DC-4CBE-8B94-C1246E4D2EED}.AppStore|Any CPU.ActiveCfg = Release|Any CPU
		{F3D7847A-B2DC-4CBE-8B94-C1246E4D2EED}.AppStore|Any CPU.Build.0 = Release|Any CPU
		{F3D7847A-B2DC-4CBE-8B94-C1246E4D2EED}.AppStore|ARM.ActiveCfg = Release|Any CPU
		{F3D7847A-B2DC-4CBE-8B94-C1246E4D2EED}.AppStore|iPhone.ActiveCfg = Release|Any CPU
		{F3D7847A-B2DC-4CBE-8B94-C1246E4D2EED}.AppStore|iPhoneSimulator.ActiveCfg = Release|Any CPU
		{F3D7847A-B2DC-4CBE-8B94-C1246E4D2EED}.AppStore|Mixed Platforms.ActiveCfg = Release|Any CPU
		{F3D7847A-B2DC-4CBE-8B94-C1246E4D2EED}.AppStore|Mixed Platforms.Build.0 = Release|Any CPU
		{F3D7847A-B2DC-4CBE-8B94-C1246E4D2EED}.AppStore|x86.ActiveCfg = Release|Any CPU
		{F3D7847A-B2DC-4CBE-8B94-C1246E4D2EED}.Debug|Any CPU.ActiveCfg = Debug|Any CPU
		{F3D7847A-B2DC-4CBE-8B94-C1246E4D2EED}.Debug|Any CPU.Build.0 = Debug|Any CPU
		{F3D7847A-B2DC-4CBE-8B94-C1246E4D2EED}.Debug|ARM.ActiveCfg = Debug|Any CPU
		{F3D7847A-B2DC-4CBE-8B94-C1246E4D2EED}.Debug|iPhone.ActiveCfg = Debug|Any CPU
		{F3D7847A-B2DC-4CBE-8B94-C1246E4D2EED}.Debug|iPhoneSimulator.ActiveCfg = Debug|Any CPU
		{F3D7847A-B2DC-4CBE-8B94-C1246E4D2EED}.Debug|Mixed Platforms.ActiveCfg = Debug|Any CPU
		{F3D7847A-B2DC-4CBE-8B94-C1246E4D2EED}.Debug|Mixed Platforms.Build.0 = Debug|Any CPU
		{F3D7847A-B2DC-4CBE-8B94-C1246E4D2EED}.Debug|x86.ActiveCfg = Debug|Any CPU
		{F3D7847A-B2DC-4CBE-8B94-C1246E4D2EED}.Release|Any CPU.ActiveCfg = Release|Any CPU
		{F3D7847A-B2DC-4CBE-8B94-C1246E4D2EED}.Release|Any CPU.Build.0 = Release|Any CPU
		{F3D7847A-B2DC-4CBE-8B94-C1246E4D2EED}.Release|ARM.ActiveCfg = Release|Any CPU
		{F3D7847A-B2DC-4CBE-8B94-C1246E4D2EED}.Release|iPhone.ActiveCfg = Release|Any CPU
		{F3D7847A-B2DC-4CBE-8B94-C1246E4D2EED}.Release|iPhoneSimulator.ActiveCfg = Release|Any CPU
		{F3D7847A-B2DC-4CBE-8B94-C1246E4D2EED}.Release|Mixed Platforms.ActiveCfg = Release|Any CPU
		{F3D7847A-B2DC-4CBE-8B94-C1246E4D2EED}.Release|Mixed Platforms.Build.0 = Release|Any CPU
		{F3D7847A-B2DC-4CBE-8B94-C1246E4D2EED}.Release|x86.ActiveCfg = Release|Any CPU
		{6EF80210-65DE-468C-AF18-5320E84934DB}.Ad-Hoc|Any CPU.ActiveCfg = Release|Any CPU
		{6EF80210-65DE-468C-AF18-5320E84934DB}.Ad-Hoc|Any CPU.Build.0 = Release|Any CPU
		{6EF80210-65DE-468C-AF18-5320E84934DB}.Ad-Hoc|ARM.ActiveCfg = Release|Any CPU
		{6EF80210-65DE-468C-AF18-5320E84934DB}.Ad-Hoc|iPhone.ActiveCfg = Release|Any CPU
		{6EF80210-65DE-468C-AF18-5320E84934DB}.Ad-Hoc|iPhoneSimulator.ActiveCfg = Release|Any CPU
		{6EF80210-65DE-468C-AF18-5320E84934DB}.Ad-Hoc|Mixed Platforms.ActiveCfg = Release|Any CPU
		{6EF80210-65DE-468C-AF18-5320E84934DB}.Ad-Hoc|Mixed Platforms.Build.0 = Release|Any CPU
		{6EF80210-65DE-468C-AF18-5320E84934DB}.Ad-Hoc|x86.ActiveCfg = Release|Any CPU
		{6EF80210-65DE-468C-AF18-5320E84934DB}.AppStore|Any CPU.ActiveCfg = Release|Any CPU
		{6EF80210-65DE-468C-AF18-5320E84934DB}.AppStore|Any CPU.Build.0 = Release|Any CPU
		{6EF80210-65DE-468C-AF18-5320E84934DB}.AppStore|ARM.ActiveCfg = Release|Any CPU
		{6EF80210-65DE-468C-AF18-5320E84934DB}.AppStore|iPhone.ActiveCfg = Release|Any CPU
		{6EF80210-65DE-468C-AF18-5320E84934DB}.AppStore|iPhoneSimulator.ActiveCfg = Release|Any CPU
		{6EF80210-65DE-468C-AF18-5320E84934DB}.AppStore|Mixed Platforms.ActiveCfg = Release|Any CPU
		{6EF80210-65DE-468C-AF18-5320E84934DB}.AppStore|Mixed Platforms.Build.0 = Release|Any CPU
		{6EF80210-65DE-468C-AF18-5320E84934DB}.AppStore|x86.ActiveCfg = Release|Any CPU
		{6EF80210-65DE-468C-AF18-5320E84934DB}.Debug|Any CPU.ActiveCfg = Debug|Any CPU
		{6EF80210-65DE-468C-AF18-5320E84934DB}.Debug|Any CPU.Build.0 = Debug|Any CPU
		{6EF80210-65DE-468C-AF18-5320E84934DB}.Debug|ARM.ActiveCfg = Debug|Any CPU
		{6EF80210-65DE-468C-AF18-5320E84934DB}.Debug|iPhone.ActiveCfg = Debug|Any CPU
		{6EF80210-65DE-468C-AF18-5320E84934DB}.Debug|iPhoneSimulator.ActiveCfg = Debug|Any CPU
		{6EF80210-65DE-468C-AF18-5320E84934DB}.Debug|Mixed Platforms.ActiveCfg = Debug|Any CPU
		{6EF80210-65DE-468C-AF18-5320E84934DB}.Debug|Mixed Platforms.Build.0 = Debug|Any CPU
		{6EF80210-65DE-468C-AF18-5320E84934DB}.Debug|x86.ActiveCfg = Debug|Any CPU
		{6EF80210-65DE-468C-AF18-5320E84934DB}.Release|Any CPU.ActiveCfg = Release|Any CPU
		{6EF80210-65DE-468C-AF18-5320E84934DB}.Release|Any CPU.Build.0 = Release|Any CPU
		{6EF80210-65DE-468C-AF18-5320E84934DB}.Release|ARM.ActiveCfg = Release|Any CPU
		{6EF80210-65DE-468C-AF18-5320E84934DB}.Release|iPhone.ActiveCfg = Release|Any CPU
		{6EF80210-65DE-468C-AF18-5320E84934DB}.Release|iPhoneSimulator.ActiveCfg = Release|Any CPU
		{6EF80210-65DE-468C-AF18-5320E84934DB}.Release|Mixed Platforms.ActiveCfg = Release|Any CPU
		{6EF80210-65DE-468C-AF18-5320E84934DB}.Release|Mixed Platforms.Build.0 = Release|Any CPU
		{6EF80210-65DE-468C-AF18-5320E84934DB}.Release|x86.ActiveCfg = Release|Any CPU
		{202DD604-BFFC-4524-AE43-111D039DB05E}.Ad-Hoc|Any CPU.ActiveCfg = Release|Any CPU
		{202DD604-BFFC-4524-AE43-111D039DB05E}.Ad-Hoc|Any CPU.Build.0 = Release|Any CPU
		{202DD604-BFFC-4524-AE43-111D039DB05E}.Ad-Hoc|ARM.ActiveCfg = Release|Any CPU
		{202DD604-BFFC-4524-AE43-111D039DB05E}.Ad-Hoc|iPhone.ActiveCfg = Release|Any CPU
		{202DD604-BFFC-4524-AE43-111D039DB05E}.Ad-Hoc|iPhoneSimulator.ActiveCfg = Release|Any CPU
		{202DD604-BFFC-4524-AE43-111D039DB05E}.Ad-Hoc|Mixed Platforms.ActiveCfg = Release|Any CPU
		{202DD604-BFFC-4524-AE43-111D039DB05E}.Ad-Hoc|Mixed Platforms.Build.0 = Release|Any CPU
		{202DD604-BFFC-4524-AE43-111D039DB05E}.Ad-Hoc|x86.ActiveCfg = Release|Any CPU
		{202DD604-BFFC-4524-AE43-111D039DB05E}.AppStore|Any CPU.ActiveCfg = Release|Any CPU
		{202DD604-BFFC-4524-AE43-111D039DB05E}.AppStore|Any CPU.Build.0 = Release|Any CPU
		{202DD604-BFFC-4524-AE43-111D039DB05E}.AppStore|ARM.ActiveCfg = Release|Any CPU
		{202DD604-BFFC-4524-AE43-111D039DB05E}.AppStore|iPhone.ActiveCfg = Release|Any CPU
		{202DD604-BFFC-4524-AE43-111D039DB05E}.AppStore|iPhoneSimulator.ActiveCfg = Release|Any CPU
		{202DD604-BFFC-4524-AE43-111D039DB05E}.AppStore|Mixed Platforms.ActiveCfg = Release|Any CPU
		{202DD604-BFFC-4524-AE43-111D039DB05E}.AppStore|Mixed Platforms.Build.0 = Release|Any CPU
		{202DD604-BFFC-4524-AE43-111D039DB05E}.AppStore|x86.ActiveCfg = Release|Any CPU
		{202DD604-BFFC-4524-AE43-111D039DB05E}.Debug|Any CPU.ActiveCfg = Debug|Any CPU
		{202DD604-BFFC-4524-AE43-111D039DB05E}.Debug|Any CPU.Build.0 = Debug|Any CPU
		{202DD604-BFFC-4524-AE43-111D039DB05E}.Debug|ARM.ActiveCfg = Debug|Any CPU
		{202DD604-BFFC-4524-AE43-111D039DB05E}.Debug|iPhone.ActiveCfg = Debug|Any CPU
		{202DD604-BFFC-4524-AE43-111D039DB05E}.Debug|iPhoneSimulator.ActiveCfg = Debug|Any CPU
		{202DD604-BFFC-4524-AE43-111D039DB05E}.Debug|Mixed Platforms.ActiveCfg = Debug|Any CPU
		{202DD604-BFFC-4524-AE43-111D039DB05E}.Debug|Mixed Platforms.Build.0 = Debug|Any CPU
		{202DD604-BFFC-4524-AE43-111D039DB05E}.Debug|x86.ActiveCfg = Debug|Any CPU
		{202DD604-BFFC-4524-AE43-111D039DB05E}.Release|Any CPU.ActiveCfg = Release|Any CPU
		{202DD604-BFFC-4524-AE43-111D039DB05E}.Release|Any CPU.Build.0 = Release|Any CPU
		{202DD604-BFFC-4524-AE43-111D039DB05E}.Release|ARM.ActiveCfg = Release|Any CPU
		{202DD604-BFFC-4524-AE43-111D039DB05E}.Release|iPhone.ActiveCfg = Release|Any CPU
		{202DD604-BFFC-4524-AE43-111D039DB05E}.Release|iPhoneSimulator.ActiveCfg = Release|Any CPU
		{202DD604-BFFC-4524-AE43-111D039DB05E}.Release|Mixed Platforms.ActiveCfg = Release|Any CPU
		{202DD604-BFFC-4524-AE43-111D039DB05E}.Release|Mixed Platforms.Build.0 = Release|Any CPU
		{202DD604-BFFC-4524-AE43-111D039DB05E}.Release|x86.ActiveCfg = Release|Any CPU
		{A9E226AC-1319-40DD-9AD7-A5135DD202F0}.Ad-Hoc|Any CPU.ActiveCfg = Release|Any CPU
		{A9E226AC-1319-40DD-9AD7-A5135DD202F0}.Ad-Hoc|Any CPU.Build.0 = Release|Any CPU
		{A9E226AC-1319-40DD-9AD7-A5135DD202F0}.Ad-Hoc|ARM.ActiveCfg = Release|Any CPU
		{A9E226AC-1319-40DD-9AD7-A5135DD202F0}.Ad-Hoc|iPhone.ActiveCfg = Release|Any CPU
		{A9E226AC-1319-40DD-9AD7-A5135DD202F0}.Ad-Hoc|iPhoneSimulator.ActiveCfg = Release|Any CPU
		{A9E226AC-1319-40DD-9AD7-A5135DD202F0}.Ad-Hoc|Mixed Platforms.ActiveCfg = Release|Any CPU
		{A9E226AC-1319-40DD-9AD7-A5135DD202F0}.Ad-Hoc|Mixed Platforms.Build.0 = Release|Any CPU
		{A9E226AC-1319-40DD-9AD7-A5135DD202F0}.Ad-Hoc|x86.ActiveCfg = Release|Any CPU
		{A9E226AC-1319-40DD-9AD7-A5135DD202F0}.AppStore|Any CPU.ActiveCfg = Release|Any CPU
		{A9E226AC-1319-40DD-9AD7-A5135DD202F0}.AppStore|Any CPU.Build.0 = Release|Any CPU
		{A9E226AC-1319-40DD-9AD7-A5135DD202F0}.AppStore|ARM.ActiveCfg = Release|Any CPU
		{A9E226AC-1319-40DD-9AD7-A5135DD202F0}.AppStore|iPhone.ActiveCfg = Release|Any CPU
		{A9E226AC-1319-40DD-9AD7-A5135DD202F0}.AppStore|iPhoneSimulator.ActiveCfg = Release|Any CPU
		{A9E226AC-1319-40DD-9AD7-A5135DD202F0}.AppStore|Mixed Platforms.ActiveCfg = Release|Any CPU
		{A9E226AC-1319-40DD-9AD7-A5135DD202F0}.AppStore|Mixed Platforms.Build.0 = Release|Any CPU
		{A9E226AC-1319-40DD-9AD7-A5135DD202F0}.AppStore|x86.ActiveCfg = Release|Any CPU
		{A9E226AC-1319-40DD-9AD7-A5135DD202F0}.Debug|Any CPU.ActiveCfg = Debug|Any CPU
		{A9E226AC-1319-40DD-9AD7-A5135DD202F0}.Debug|Any CPU.Build.0 = Debug|Any CPU
		{A9E226AC-1319-40DD-9AD7-A5135DD202F0}.Debug|ARM.ActiveCfg = Debug|Any CPU
		{A9E226AC-1319-40DD-9AD7-A5135DD202F0}.Debug|iPhone.ActiveCfg = Debug|Any CPU
		{A9E226AC-1319-40DD-9AD7-A5135DD202F0}.Debug|iPhoneSimulator.ActiveCfg = Debug|Any CPU
		{A9E226AC-1319-40DD-9AD7-A5135DD202F0}.Debug|Mixed Platforms.ActiveCfg = Debug|Any CPU
		{A9E226AC-1319-40DD-9AD7-A5135DD202F0}.Debug|Mixed Platforms.Build.0 = Debug|Any CPU
		{A9E226AC-1319-40DD-9AD7-A5135DD202F0}.Debug|x86.ActiveCfg = Debug|Any CPU
		{A9E226AC-1319-40DD-9AD7-A5135DD202F0}.Release|Any CPU.ActiveCfg = Release|Any CPU
		{A9E226AC-1319-40DD-9AD7-A5135DD202F0}.Release|Any CPU.Build.0 = Release|Any CPU
		{A9E226AC-1319-40DD-9AD7-A5135DD202F0}.Release|ARM.ActiveCfg = Release|Any CPU
		{A9E226AC-1319-40DD-9AD7-A5135DD202F0}.Release|iPhone.ActiveCfg = Release|Any CPU
		{A9E226AC-1319-40DD-9AD7-A5135DD202F0}.Release|iPhoneSimulator.ActiveCfg = Release|Any CPU
		{A9E226AC-1319-40DD-9AD7-A5135DD202F0}.Release|Mixed Platforms.ActiveCfg = Release|Any CPU
		{A9E226AC-1319-40DD-9AD7-A5135DD202F0}.Release|Mixed Platforms.Build.0 = Release|Any CPU
		{A9E226AC-1319-40DD-9AD7-A5135DD202F0}.Release|x86.ActiveCfg = Release|Any CPU
		{4274AF20-0C8C-44C8-82F9-1911D20579D2}.Ad-Hoc|Any CPU.ActiveCfg = Release|Any CPU
		{4274AF20-0C8C-44C8-82F9-1911D20579D2}.Ad-Hoc|Any CPU.Build.0 = Release|Any CPU
		{4274AF20-0C8C-44C8-82F9-1911D20579D2}.Ad-Hoc|ARM.ActiveCfg = Release|Any CPU
		{4274AF20-0C8C-44C8-82F9-1911D20579D2}.Ad-Hoc|iPhone.ActiveCfg = Release|Any CPU
		{4274AF20-0C8C-44C8-82F9-1911D20579D2}.Ad-Hoc|iPhoneSimulator.ActiveCfg = Release|Any CPU
		{4274AF20-0C8C-44C8-82F9-1911D20579D2}.Ad-Hoc|Mixed Platforms.ActiveCfg = Release|Any CPU
		{4274AF20-0C8C-44C8-82F9-1911D20579D2}.Ad-Hoc|Mixed Platforms.Build.0 = Release|Any CPU
		{4274AF20-0C8C-44C8-82F9-1911D20579D2}.Ad-Hoc|x86.ActiveCfg = Release|Any CPU
		{4274AF20-0C8C-44C8-82F9-1911D20579D2}.AppStore|Any CPU.ActiveCfg = Release|Any CPU
		{4274AF20-0C8C-44C8-82F9-1911D20579D2}.AppStore|Any CPU.Build.0 = Release|Any CPU
		{4274AF20-0C8C-44C8-82F9-1911D20579D2}.AppStore|ARM.ActiveCfg = Release|Any CPU
		{4274AF20-0C8C-44C8-82F9-1911D20579D2}.AppStore|iPhone.ActiveCfg = Release|Any CPU
		{4274AF20-0C8C-44C8-82F9-1911D20579D2}.AppStore|iPhoneSimulator.ActiveCfg = Release|Any CPU
		{4274AF20-0C8C-44C8-82F9-1911D20579D2}.AppStore|Mixed Platforms.ActiveCfg = Release|Any CPU
		{4274AF20-0C8C-44C8-82F9-1911D20579D2}.AppStore|Mixed Platforms.Build.0 = Release|Any CPU
		{4274AF20-0C8C-44C8-82F9-1911D20579D2}.AppStore|x86.ActiveCfg = Release|Any CPU
		{4274AF20-0C8C-44C8-82F9-1911D20579D2}.Debug|Any CPU.ActiveCfg = Debug|Any CPU
		{4274AF20-0C8C-44C8-82F9-1911D20579D2}.Debug|Any CPU.Build.0 = Debug|Any CPU
		{4274AF20-0C8C-44C8-82F9-1911D20579D2}.Debug|ARM.ActiveCfg = Debug|Any CPU
		{4274AF20-0C8C-44C8-82F9-1911D20579D2}.Debug|iPhone.ActiveCfg = Debug|Any CPU
		{4274AF20-0C8C-44C8-82F9-1911D20579D2}.Debug|iPhoneSimulator.ActiveCfg = Debug|Any CPU
		{4274AF20-0C8C-44C8-82F9-1911D20579D2}.Debug|Mixed Platforms.ActiveCfg = Debug|Any CPU
		{4274AF20-0C8C-44C8-82F9-1911D20579D2}.Debug|Mixed Platforms.Build.0 = Debug|Any CPU
		{4274AF20-0C8C-44C8-82F9-1911D20579D2}.Debug|x86.ActiveCfg = Debug|Any CPU
		{4274AF20-0C8C-44C8-82F9-1911D20579D2}.Release|Any CPU.ActiveCfg = Release|Any CPU
		{4274AF20-0C8C-44C8-82F9-1911D20579D2}.Release|Any CPU.Build.0 = Release|Any CPU
		{4274AF20-0C8C-44C8-82F9-1911D20579D2}.Release|ARM.ActiveCfg = Release|Any CPU
		{4274AF20-0C8C-44C8-82F9-1911D20579D2}.Release|iPhone.ActiveCfg = Release|Any CPU
		{4274AF20-0C8C-44C8-82F9-1911D20579D2}.Release|iPhoneSimulator.ActiveCfg = Release|Any CPU
		{4274AF20-0C8C-44C8-82F9-1911D20579D2}.Release|Mixed Platforms.ActiveCfg = Release|Any CPU
		{4274AF20-0C8C-44C8-82F9-1911D20579D2}.Release|Mixed Platforms.Build.0 = Release|Any CPU
		{4274AF20-0C8C-44C8-82F9-1911D20579D2}.Release|x86.ActiveCfg = Release|Any CPU
		{6D877B36-C724-4C46-93AA-40B4C8942108}.Ad-Hoc|Any CPU.ActiveCfg = Release|Any CPU
		{6D877B36-C724-4C46-93AA-40B4C8942108}.Ad-Hoc|Any CPU.Build.0 = Release|Any CPU
		{6D877B36-C724-4C46-93AA-40B4C8942108}.Ad-Hoc|ARM.ActiveCfg = Release|Any CPU
		{6D877B36-C724-4C46-93AA-40B4C8942108}.Ad-Hoc|iPhone.ActiveCfg = Release|Any CPU
		{6D877B36-C724-4C46-93AA-40B4C8942108}.Ad-Hoc|iPhoneSimulator.ActiveCfg = Release|Any CPU
		{6D877B36-C724-4C46-93AA-40B4C8942108}.Ad-Hoc|Mixed Platforms.ActiveCfg = Release|Any CPU
		{6D877B36-C724-4C46-93AA-40B4C8942108}.Ad-Hoc|Mixed Platforms.Build.0 = Release|Any CPU
		{6D877B36-C724-4C46-93AA-40B4C8942108}.Ad-Hoc|x86.ActiveCfg = Release|Any CPU
		{6D877B36-C724-4C46-93AA-40B4C8942108}.AppStore|Any CPU.ActiveCfg = Release|Any CPU
		{6D877B36-C724-4C46-93AA-40B4C8942108}.AppStore|Any CPU.Build.0 = Release|Any CPU
		{6D877B36-C724-4C46-93AA-40B4C8942108}.AppStore|ARM.ActiveCfg = Release|Any CPU
		{6D877B36-C724-4C46-93AA-40B4C8942108}.AppStore|iPhone.ActiveCfg = Release|Any CPU
		{6D877B36-C724-4C46-93AA-40B4C8942108}.AppStore|iPhoneSimulator.ActiveCfg = Release|Any CPU
		{6D877B36-C724-4C46-93AA-40B4C8942108}.AppStore|Mixed Platforms.ActiveCfg = Release|Any CPU
		{6D877B36-C724-4C46-93AA-40B4C8942108}.AppStore|Mixed Platforms.Build.0 = Release|Any CPU
		{6D877B36-C724-4C46-93AA-40B4C8942108}.AppStore|x86.ActiveCfg = Release|Any CPU
		{6D877B36-C724-4C46-93AA-40B4C8942108}.Debug|Any CPU.ActiveCfg = Debug|Any CPU
		{6D877B36-C724-4C46-93AA-40B4C8942108}.Debug|Any CPU.Build.0 = Debug|Any CPU
		{6D877B36-C724-4C46-93AA-40B4C8942108}.Debug|ARM.ActiveCfg = Debug|Any CPU
		{6D877B36-C724-4C46-93AA-40B4C8942108}.Debug|iPhone.ActiveCfg = Debug|Any CPU
		{6D877B36-C724-4C46-93AA-40B4C8942108}.Debug|iPhoneSimulator.ActiveCfg = Debug|Any CPU
		{6D877B36-C724-4C46-93AA-40B4C8942108}.Debug|Mixed Platforms.ActiveCfg = Debug|Any CPU
		{6D877B36-C724-4C46-93AA-40B4C8942108}.Debug|Mixed Platforms.Build.0 = Debug|Any CPU
		{6D877B36-C724-4C46-93AA-40B4C8942108}.Debug|x86.ActiveCfg = Debug|Any CPU
		{6D877B36-C724-4C46-93AA-40B4C8942108}.Release|Any CPU.ActiveCfg = Release|Any CPU
		{6D877B36-C724-4C46-93AA-40B4C8942108}.Release|Any CPU.Build.0 = Release|Any CPU
		{6D877B36-C724-4C46-93AA-40B4C8942108}.Release|ARM.ActiveCfg = Release|Any CPU
		{6D877B36-C724-4C46-93AA-40B4C8942108}.Release|iPhone.ActiveCfg = Release|Any CPU
		{6D877B36-C724-4C46-93AA-40B4C8942108}.Release|iPhoneSimulator.ActiveCfg = Release|Any CPU
		{6D877B36-C724-4C46-93AA-40B4C8942108}.Release|Mixed Platforms.ActiveCfg = Release|Any CPU
		{6D877B36-C724-4C46-93AA-40B4C8942108}.Release|Mixed Platforms.Build.0 = Release|Any CPU
		{6D877B36-C724-4C46-93AA-40B4C8942108}.Release|x86.ActiveCfg = Release|Any CPU
	EndGlobalSection
	GlobalSection(SolutionProperties) = preSolution
		HideSolutionNode = FALSE
	EndGlobalSection
	GlobalSection(NestedProjects) = preSolution
		{C384AB47-ED53-4EBA-90E5-EBCDBCB6A5CA} = {5F2F2BB4-862C-4210-BB8A-3787FEC7C105}
		{A9E226AC-1319-40DD-9AD7-A5135DD202F0} = {5F2F2BB4-862C-4210-BB8A-3787FEC7C105}
	EndGlobalSection
EndGlobal
